speakeasyVersion: 1.736.1
sources:
    LaunchDarkly REST API:
        sourceNamespace: launchdarkly-rest-api
        sourceRevisionDigest: sha256:304b8a90333aaff3bfff24492626b85afc9c464e8e8f665d76411eea9699aa06
        sourceBlobDigest: sha256:bb041a65e70132c87a0de729ff849ec2f696280d7bd1d06cd7390aedb2bc82c4
        tags:
            - latest
            - "2.0"
targets:
    launchdarkly-mcp-server:
        source: LaunchDarkly REST API
        sourceNamespace: launchdarkly-rest-api
        sourceRevisionDigest: sha256:304b8a90333aaff3bfff24492626b85afc9c464e8e8f665d76411eea9699aa06
        sourceBlobDigest: sha256:bb041a65e70132c87a0de729ff849ec2f696280d7bd1d06cd7390aedb2bc82c4
        codeSamplesNamespace: launchdarkly-rest-api-typescript-code-samples
        codeSamplesRevisionDigest: sha256:ccccfce49d9ce5ce1bbf814a558d055f775452b7890d11b10921dfa0cc048935
workflow:
    workflowVersion: 1.0.0
    speakeasyVersion: 1.736.1
    sources:
        LaunchDarkly REST API:
            inputs:
                - location: ./schemas/openapi.json
            overlays:
                - location: ./schemas/mcp-enable-tools.yaml
                - location: ./schemas/suggestions.yaml
            output: ./schemas/output.json
            registry:
                location: registry.speakeasyapi.dev/launchdarkly/mcp/launchdarkly-rest-api
    targets:
        launchdarkly-mcp-server:
            target: typescript
            source: LaunchDarkly REST API
            publish:
                npm:
                    token: $npm_token
            codeSamples:
                registry:
                    location: registry.speakeasyapi.dev/launchdarkly/mcp/launchdarkly-rest-api-typescript-code-samples
                labelOverride:
                    fixedValue: Typescript (SDK)
                blocking: false
